
Microsoft Visual Studio Solution File, Format Version 12.00
# Visual Studio Version 16
VisualStudioVersion = 16.0.30523.141
MinimumVisualStudioVersion = 10.0.40219.1
Project("{FAE04EC0-301F-11D3-BF4B-00C04F79EFBC}") = "Kutuphane", "Kutuphane\Kutuphane.csproj", "{AE640899-4EEC-462A-B98E-2504E47940A5}"
EndProject
Global
	GlobalSection(SolutionConfigurationPlatforms) = preSolution
		Debug|Any CPU = Debug|Any CPU
		Release|Any CPU = Release|Any CPU
	EndGlobalSection
	GlobalSection(ProjectConfigurationPlatforms) = postSolution
		{AE640899-4EEC-462A-B98E-2504E47940A5}.Debug|Any CPU.ActiveCfg = Debug|Any CPU
		{AE640899-4EEC-462A-B98E-2504E47940A5}.Debug|Any CPU.Build.0 = Debug|Any CPU
		{AE640899-4EEC-462A-B98E-2504E47940A5}.Release|Any CPU.ActiveCfg = Release|Any CPU
		{AE640899-4EEC-462A-B98E-2504E47940A5}.Release|Any CPU.Build.0 = Release|Any CPU
	EndGlobalSection
	GlobalSection(SolutionProperties) = preSolution
		HideSolutionNode = FALSE
	EndGlobalSection
	GlobalSection(ExtensibilityGlobals) = postSolution
		SolutionGuid = {C524A6FB-C1D8-4393-A4E0-E665533DA75C}
	EndGlobalSection
EndGlobal
